// !$*UTF8*$!
{
	archiveVersion = 1;
	classes = {
	};
	objectVersion = 46;
	objects = {

/* Begin PBXBuildFile section */
		3D2E0C831699E682000211ED /* MapView.m in Sources */ = {isa = PBXBuildFile; fileRef = 3D2E0C821699E682000211ED /* MapView.m */; };
		3D2E0C86169A1178000211ED /* play.png in Resources */ = {isa = PBXBuildFile; fileRef = 3D2E0C84169A1176000211ED /* play.png */; };
		3D2E0C87169A1178000211ED /* play@2x.png in Resources */ = {isa = PBXBuildFile; fileRef = 3D2E0C85169A1177000211ED /* play@2x.png */; };
		3D5BB0A116949D8B00418A1D /* QuartzCore.framework in Frameworks */ = {isa = PBXBuildFile; fileRef = 3D5BB0A016949D8B00418A1D /* QuartzCore.framework */; };
		3DA049851694458B00C934F3 /* UIKit.framework in Frameworks */ = {isa = PBXBuildFile; fileRef = 3DA049841694458B00C934F3 /* UIKit.framework */; };
		3DA049871694458B00C934F3 /* Foundation.framework in Frameworks */ = {isa = PBXBuildFile; fileRef = 3DA049861694458B00C934F3 /* Foundation.framework */; };
		3DA049891694458B00C934F3 /* CoreGraphics.framework in Frameworks */ = {isa = PBXBuildFile; fileRef = 3DA049881694458B00C934F3 /* CoreGraphics.framework */; };
		3DA0498F1694458C00C934F3 /* InfoPlist.strings in Resources */ = {isa = PBXBuildFile; fileRef = 3DA0498D1694458C00C934F3 /* InfoPlist.strings */; };
		3DA049911694458C00C934F3 /* main.m in Sources */ = {isa = PBXBuildFile; fileRef = 3DA049901694458C00C934F3 /* main.m */; };
		3DA049951694458C00C934F3 /* AppDelegate.m in Sources */ = {isa = PBXBuildFile; fileRef = 3DA049941694458C00C934F3 /* AppDelegate.m */; };
		3DA0499B1694458C00C934F3 /* Default-568h@2x.png in Resources */ = {isa = PBXBuildFile; fileRef = 3DA0499A1694458C00C934F3 /* Default-568h@2x.png */; };
		3DA0499E1694458C00C934F3 /* RootViewController.m in Sources */ = {isa = PBXBuildFile; fileRef = 3DA0499D1694458C00C934F3 /* RootViewController.m */; };
		3DA049A11694458C00C934F3 /* DataViewController.m in Sources */ = {isa = PBXBuildFile; fileRef = 3DA049A01694458C00C934F3 /* DataViewController.m */; };
		3DA049A41694458C00C934F3 /* ModelController.m in Sources */ = {isa = PBXBuildFile; fileRef = 3DA049A31694458C00C934F3 /* ModelController.m */; };
		3DA049A71694458C00C934F3 /* MainStoryboard.storyboard in Resources */ = {isa = PBXBuildFile; fileRef = 3DA049A51694458C00C934F3 /* MainStoryboard.storyboard */; };
		3DE751601699B0400081CC6A /* table_right_text.png in Resources */ = {isa = PBXBuildFile; fileRef = 3DE751481699B0400081CC6A /* table_right_text.png */; };
		3DE751611699B0400081CC6A /* table_right_text@2x.png in Resources */ = {isa = PBXBuildFile; fileRef = 3DE751491699B0400081CC6A /* table_right_text@2x.png */; };
		3DE751621699B0400081CC6A /* light.png in Resources */ = {isa = PBXBuildFile; fileRef = 3DE7514A1699B0400081CC6A /* light.png */; };
		3DE751631699B0400081CC6A /* light@2x.png in Resources */ = {isa = PBXBuildFile; fileRef = 3DE7514B1699B0400081CC6A /* light@2x.png */; };
		3DE751641699B0400081CC6A /* whole_table_clean.png in Resources */ = {isa = PBXBuildFile; fileRef = 3DE7514C1699B0400081CC6A /* whole_table_clean.png */; };
		3DE751651699B0400081CC6A /* whole_table_clean@2x.png in Resources */ = {isa = PBXBuildFile; fileRef = 3DE7514D1699B0400081CC6A /* whole_table_clean@2x.png */; };
		3DE751661699B0400081CC6A /* paper.png in Resources */ = {isa = PBXBuildFile; fileRef = 3DE7514E1699B0400081CC6A /* paper.png */; };
		3DE751671699B0400081CC6A /* paper@2x.png in Resources */ = {isa = PBXBuildFile; fileRef = 3DE7514F1699B0400081CC6A /* paper@2x.png */; };
		3DE751681699B0400081CC6A /* whole_book_opened.png in Resources */ = {isa = PBXBuildFile; fileRef = 3DE751501699B0400081CC6A /* whole_book_opened.png */; };
		3DE751691699B0400081CC6A /* whole_book_opened@2x.png in Resources */ = {isa = PBXBuildFile; fileRef = 3DE751511699B0400081CC6A /* whole_book_opened@2x.png */; };
		3DE7516A1699B0400081CC6A /* left_page_opened.png in Resources */ = {isa = PBXBuildFile; fileRef = 3DE751521699B0400081CC6A /* left_page_opened.png */; };
		3DE7516B1699B0400081CC6A /* left_page_opened@2x.png in Resources */ = {isa = PBXBuildFile; fileRef = 3DE751531699B0400081CC6A /* left_page_opened@2x.png */; };
		3DE7516C1699B0400081CC6A /* right_page_opened.png in Resources */ = {isa = PBXBuildFile; fileRef = 3DE751541699B0400081CC6A /* right_page_opened.png */; };
		3DE7516D1699B0400081CC6A /* right_page_opened@2x.png in Resources */ = {isa = PBXBuildFile; fileRef = 3DE751551699B0400081CC6A /* right_page_opened@2x.png */; };
		3DE7516E1699B0400081CC6A /* mapa.png in Resources */ = {isa = PBXBuildFile; fileRef = 3DE751561699B0400081CC6A /* mapa.png */; };
		3DE7516F1699B0400081CC6A /* mapa@2x.png in Resources */ = {isa = PBXBuildFile; fileRef = 3DE751571699B0400081CC6A /* mapa@2x.png */; };
		3DE751701699B0400081CC6A /* book_cover.png in Resources */ = {isa = PBXBuildFile; fileRef = 3DE751581699B0400081CC6A /* book_cover.png */; };
		3DE751711699B0400081CC6A /* book_cover@2x.png in Resources */ = {isa = PBXBuildFile; fileRef = 3DE751591699B0400081CC6A /* book_cover@2x.png */; };
		3DE751721699B0400081CC6A /* table_right_no_text.png in Resources */ = {isa = PBXBuildFile; fileRef = 3DE7515A1699B0400081CC6A /* table_right_no_text.png */; };
		3DE751731699B0400081CC6A /* table_right_no_text@2x.png in Resources */ = {isa = PBXBuildFile; fileRef = 3DE7515B1699B0400081CC6A /* table_right_no_text@2x.png */; };
		3DE751741699B0400081CC6A /* book_closed_no_text.png in Resources */ = {isa = PBXBuildFile; fileRef = 3DE7515C1699B0400081CC6A /* book_closed_no_text.png */; };
		3DE751751699B0400081CC6A /* book_closed_no_text@2x.png in Resources */ = {isa = PBXBuildFile; fileRef = 3DE7515D1699B0400081CC6A /* book_closed_no_text@2x.png */; };
		3DE751761699B0400081CC6A /* Default.png in Resources */ = {isa = PBXBuildFile; fileRef = 3DE7515E1699B0400081CC6A /* Default.png */; };
		3DE751771699B0400081CC6A /* Default@2x.png in Resources */ = {isa = PBXBuildFile; fileRef = 3DE7515F1699B0400081CC6A /* Default@2x.png */; };
		3DE7517A1699C2FD0081CC6A /* Default_no_statusbar.png in Resources */ = {isa = PBXBuildFile; fileRef = 3DE751781699C2FD0081CC6A /* Default_no_statusbar.png */; };
		3DE7517B1699C2FD0081CC6A /* Default_no_statusbar@2x.png in Resources */ = {isa = PBXBuildFile; fileRef = 3DE751791699C2FD0081CC6A /* Default_no_statusbar@2x.png */; };
/* End PBXBuildFile section */

/* Begin PBXFileReference section */
		3D2E0C811699E682000211ED /* MapView.h */ = {isa = PBXFileReference; fileEncoding = 4; lastKnownFileType = sourcecode.c.h; path = MapView.h; sourceTree = "<group>"; };
		3D2E0C821699E682000211ED /* MapView.m */ = {isa = PBXFileReference; fileEncoding = 4; lastKnownFileType = sourcecode.c.objc; path = MapView.m; sourceTree = "<group>"; };
		3D2E0C84169A1176000211ED /* play.png */ = {isa = PBXFileReference; lastKnownFileType = image.png; name = play.png; path = graphics/play.png; sourceTree = SOURCE_ROOT; };
		3D2E0C85169A1177000211ED /* play@2x.png */ = {isa = PBXFileReference; lastKnownFileType = image.png; name = "play@2x.png"; path = "graphics/play@2x.png"; sourceTree = SOURCE_ROOT; };
		3D5BB0A016949D8B00418A1D /* QuartzCore.framework */ = {isa = PBXFileReference; lastKnownFileType = wrapper.framework; name = QuartzCore.framework; path = System/Library/Frameworks/QuartzCore.framework; sourceTree = SDKROOT; };
		3DA049801694458B00C934F3 /* ca_prototype.app */ = {isa = PBXFileReference; explicitFileType = wrapper.application; includeInIndex = 0; path = ca_prototype.app; sourceTree = BUILT_PRODUCTS_DIR; };
		3DA049841694458B00C934F3 /* UIKit.framework */ = {isa = PBXFileReference; lastKnownFileType = wrapper.framework; name = UIKit.framework; path = System/Library/Frameworks/UIKit.framework; sourceTree = SDKROOT; };
		3DA049861694458B00C934F3 /* Foundation.framework */ = {isa = PBXFileReference; lastKnownFileType = wrapper.framework; name = Foundation.framework; path = System/Library/Frameworks/Foundation.framework; sourceTree = SDKROOT; };
		3DA049881694458B00C934F3 /* CoreGraphics.framework */ = {isa = PBXFileReference; lastKnownFileType = wrapper.framework; name = CoreGraphics.framework; path = System/Library/Frameworks/CoreGraphics.framework; sourceTree = SDKROOT; };
		3DA0498C1694458C00C934F3 /* ca_prototype-Info.plist */ = {isa = PBXFileReference; lastKnownFileType = text.plist.xml; path = "ca_prototype-Info.plist"; sourceTree = "<group>"; };
		3DA0498E1694458C00C934F3 /* en */ = {isa = PBXFileReference; lastKnownFileType = text.plist.strings; name = en; path = en.lproj/InfoPlist.strings; sourceTree = "<group>"; };
		3DA049901694458C00C934F3 /* main.m */ = {isa = PBXFileReference; lastKnownFileType = sourcecode.c.objc; path = main.m; sourceTree = "<group>"; };
		3DA049921694458C00C934F3 /* ca_prototype-Prefix.pch */ = {isa = PBXFileReference; lastKnownFileType = sourcecode.c.h; path = "ca_prototype-Prefix.pch"; sourceTree = "<group>"; };
		3DA049931694458C00C934F3 /* AppDelegate.h */ = {isa = PBXFileReference; lastKnownFileType = sourcecode.c.h; path = AppDelegate.h; sourceTree = "<group>"; };
		3DA049941694458C00C934F3 /* AppDelegate.m */ = {isa = PBXFileReference; lastKnownFileType = sourcecode.c.objc; path = AppDelegate.m; sourceTree = "<group>"; };
		3DA0499A1694458C00C934F3 /* Default-568h@2x.png */ = {isa = PBXFileReference; lastKnownFileType = image.png; path = "Default-568h@2x.png"; sourceTree = "<group>"; };
		3DA0499C1694458C00C934F3 /* RootViewController.h */ = {isa = PBXFileReference; lastKnownFileType = sourcecode.c.h; path = RootViewController.h; sourceTree = "<group>"; };
		3DA0499D1694458C00C934F3 /* RootViewController.m */ = {isa = PBXFileReference; lastKnownFileType = sourcecode.c.objc; path = RootViewController.m; sourceTree = "<group>"; };
		3DA0499F1694458C00C934F3 /* DataViewController.h */ = {isa = PBXFileReference; lastKnownFileType = sourcecode.c.h; path = DataViewController.h; sourceTree = "<group>"; };
		3DA049A01694458C00C934F3 /* DataViewController.m */ = {isa = PBXFileReference; lastKnownFileType = sourcecode.c.objc; path = DataViewController.m; sourceTree = "<group>"; };
		3DA049A21694458C00C934F3 /* ModelController.h */ = {isa = PBXFileReference; lastKnownFileType = sourcecode.c.h; path = ModelController.h; sourceTree = "<group>"; };
		3DA049A31694458C00C934F3 /* ModelController.m */ = {isa = PBXFileReference; lastKnownFileType = sourcecode.c.objc; path = ModelController.m; sourceTree = "<group>"; };
		3DA049A61694458C00C934F3 /* en */ = {isa = PBXFileReference; lastKnownFileType = file.storyboard; name = en; path = en.lproj/MainStoryboard.storyboard; sourceTree = "<group>"; };
		3DE751481699B0400081CC6A /* table_right_text.png */ = {isa = PBXFileReference; lastKnownFileType = image.png; name = table_right_text.png; path = graphics/table_right_text.png; sourceTree = SOURCE_ROOT; };
		3DE751491699B0400081CC6A /* table_right_text@2x.png */ = {isa = PBXFileReference; lastKnownFileType = image.png; name = "table_right_text@2x.png"; path = "graphics/table_right_text@2x.png"; sourceTree = SOURCE_ROOT; };
		3DE7514A1699B0400081CC6A /* light.png */ = {isa = PBXFileReference; lastKnownFileType = image.png; name = light.png; path = graphics/light.png; sourceTree = SOURCE_ROOT; };
		3DE7514B1699B0400081CC6A /* light@2x.png */ = {isa = PBXFileReference; lastKnownFileType = image.png; name = "light@2x.png"; path = "graphics/light@2x.png"; sourceTree = SOURCE_ROOT; };
		3DE7514C1699B0400081CC6A /* whole_table_clean.png */ = {isa = PBXFileReference; lastKnownFileType = image.png; name = whole_table_clean.png; path = graphics/whole_table_clean.png; sourceTree = SOURCE_ROOT; };
		3DE7514D1699B0400081CC6A /* whole_table_clean@2x.png */ = {isa = PBXFileReference; lastKnownFileType = image.png; name = "whole_table_clean@2x.png"; path = "graphics/whole_table_clean@2x.png"; sourceTree = SOURCE_ROOT; };
		3DE7514E1699B0400081CC6A /* paper.png */ = {isa = PBXFileReference; lastKnownFileType = image.png; name = paper.png; path = graphics/paper.png; sourceTree = SOURCE_ROOT; };
		3DE7514F1699B0400081CC6A /* paper@2x.png */ = {isa = PBXFileReference; lastKnownFileType = image.png; name = "paper@2x.png"; path = "graphics/paper@2x.png"; sourceTree = SOURCE_ROOT; };
		3DE751501699B0400081CC6A /* whole_book_opened.png */ = {isa = PBXFileReference; lastKnownFileType = image.png; name = whole_book_opened.png; path = graphics/whole_book_opened.png; sourceTree = SOURCE_ROOT; };
		3DE751511699B0400081CC6A /* whole_book_opened@2x.png */ = {isa = PBXFileReference; lastKnownFileType = image.png; name = "whole_book_opened@2x.png"; path = "graphics/whole_book_opened@2x.png"; sourceTree = SOURCE_ROOT; };
		3DE751521699B0400081CC6A /* left_page_opened.png */ = {isa = PBXFileReference; lastKnownFileType = image.png; name = left_page_opened.png; path = graphics/left_page_opened.png; sourceTree = SOURCE_ROOT; };
		3DE751531699B0400081CC6A /* left_page_opened@2x.png */ = {isa = PBXFileReference; lastKnownFileType = image.png; name = "left_page_opened@2x.png"; path = "graphics/left_page_opened@2x.png"; sourceTree = SOURCE_ROOT; };
		3DE751541699B0400081CC6A /* right_page_opened.png */ = {isa = PBXFileReference; lastKnownFileType = image.png; name = right_page_opened.png; path = graphics/right_page_opened.png; sourceTree = SOURCE_ROOT; };
		3DE751551699B0400081CC6A /* right_page_opened@2x.png */ = {isa = PBXFileReference; lastKnownFileType = image.png; name = "right_page_opened@2x.png"; path = "graphics/right_page_opened@2x.png"; sourceTree = SOURCE_ROOT; };
		3DE751561699B0400081CC6A /* mapa.png */ = {isa = PBXFileReference; lastKnownFileType = image.png; name = mapa.png; path = graphics/mapa.png; sourceTree = SOURCE_ROOT; };
		3DE751571699B0400081CC6A /* mapa@2x.png */ = {isa = PBXFileReference; lastKnownFileType = image.png; name = "mapa@2x.png"; path = "graphics/mapa@2x.png"; sourceTree = SOURCE_ROOT; };
		3DE751581699B0400081CC6A /* book_cover.png */ = {isa = PBXFileReference; lastKnownFileType = image.png; name = book_cover.png; path = graphics/book_cover.png; sourceTree = SOURCE_ROOT; };
		3DE751591699B0400081CC6A /* book_cover@2x.png */ = {isa = PBXFileReference; lastKnownFileType = image.png; name = "book_cover@2x.png"; path = "graphics/book_cover@2x.png"; sourceTree = SOURCE_ROOT; };
		3DE7515A1699B0400081CC6A /* table_right_no_text.png */ = {isa = PBXFileReference; lastKnownFileType = image.png; name = table_right_no_text.png; path = graphics/table_right_no_text.png; sourceTree = SOURCE_ROOT; };
		3DE7515B1699B0400081CC6A /* table_right_no_text@2x.png */ = {isa = PBXFileReference; lastKnownFileType = image.png; name = "table_right_no_text@2x.png"; path = "graphics/table_right_no_text@2x.png"; sourceTree = SOURCE_ROOT; };
		3DE7515C1699B0400081CC6A /* book_closed_no_text.png */ = {isa = PBXFileReference; lastKnownFileType = image.png; name = book_closed_no_text.png; path = graphics/book_closed_no_text.png; sourceTree = SOURCE_ROOT; };
		3DE7515D1699B0400081CC6A /* book_closed_no_text@2x.png */ = {isa = PBXFileReference; lastKnownFileType = image.png; name = "book_closed_no_text@2x.png"; path = "graphics/book_closed_no_text@2x.png"; sourceTree = SOURCE_ROOT; };
		3DE7515E1699B0400081CC6A /* Default.png */ = {isa = PBXFileReference; lastKnownFileType = image.png; name = Default.png; path = graphics/Default.png; sourceTree = SOURCE_ROOT; };
		3DE7515F1699B0400081CC6A /* Default@2x.png */ = {isa = PBXFileReference; lastKnownFileType = image.png; name = "Default@2x.png"; path = "graphics/Default@2x.png"; sourceTree = SOURCE_ROOT; };
		3DE751781699C2FD0081CC6A /* Default_no_statusbar.png */ = {isa = PBXFileReference; lastKnownFileType = image.png; name = Default_no_statusbar.png; path = graphics/Default_no_statusbar.png; sourceTree = SOURCE_ROOT; };
		3DE751791699C2FD0081CC6A /* Default_no_statusbar@2x.png */ = {isa = PBXFileReference; lastKnownFileType = image.png; name = "Default_no_statusbar@2x.png"; path = "graphics/Default_no_statusbar@2x.png"; sourceTree = SOURCE_ROOT; };
/* End PBXFileReference section */

/* Begin PBXFrameworksBuildPhase section */
		3DA0497D1694458B00C934F3 /* Frameworks */ = {
			isa = PBXFrameworksBuildPhase;
			buildActionMask = 2147483647;
			files = (
				3D5BB0A116949D8B00418A1D /* QuartzCore.framework in Frameworks */,
				3DA049851694458B00C934F3 /* UIKit.framework in Frameworks */,
				3DA049871694458B00C934F3 /* Foundation.framework in Frameworks */,
				3DA049891694458B00C934F3 /* CoreGraphics.framework in Frameworks */,
			);
			runOnlyForDeploymentPostprocessing = 0;
		};
/* End PBXFrameworksBuildPhase section */

/* Begin PBXGroup section */
		3D2E0C7A1699E618000211ED /* Controller */ = {
			isa = PBXGroup;
			children = (
				3DA0499C1694458C00C934F3 /* RootViewController.h */,
				3DA0499D1694458C00C934F3 /* RootViewController.m */,
				3DA0499F1694458C00C934F3 /* DataViewController.h */,
				3DA049A01694458C00C934F3 /* DataViewController.m */,
				3DA049A21694458C00C934F3 /* ModelController.h */,
				3DA049A31694458C00C934F3 /* ModelController.m */,
			);
			name = Controller;
			sourceTree = "<group>";
		};
		3D2E0C7C1699E61E000211ED /* View */ = {
			isa = PBXGroup;
			children = (
				3D2E0C811699E682000211ED /* MapView.h */,
				3D2E0C821699E682000211ED /* MapView.m */,
			);
			name = View;
			sourceTree = "<group>";
		};
		3D2E0C7D1699E623000211ED /* Model */ = {
			isa = PBXGroup;
			children = (
			);
			name = Model;
			sourceTree = "<group>";
		};
		3DA049751694458B00C934F3 = {
			isa = PBXGroup;
			children = (
				3D5BB0A016949D8B00418A1D /* QuartzCore.framework */,
				3DA0498A1694458B00C934F3 /* ca_prototype */,
				3DA049831694458B00C934F3 /* Frameworks */,
				3DA049811694458B00C934F3 /* Products */,
			);
			sourceTree = "<group>";
		};
		3DA049811694458B00C934F3 /* Products */ = {
			isa = PBXGroup;
			children = (
				3DA049801694458B00C934F3 /* ca_prototype.app */,
			);
			name = Products;
			sourceTree = "<group>";
		};
		3DA049831694458B00C934F3 /* Frameworks */ = {
			isa = PBXGroup;
			children = (
				3DA049841694458B00C934F3 /* UIKit.framework */,
				3DA049861694458B00C934F3 /* Foundation.framework */,
				3DA049881694458B00C934F3 /* CoreGraphics.framework */,
			);
			name = Frameworks;
			sourceTree = "<group>";
		};
		3DA0498A1694458B00C934F3 /* ca_prototype */ = {
			isa = PBXGroup;
			children = (
				3D2E0C7D1699E623000211ED /* Model */,
				3D2E0C7C1699E61E000211ED /* View */,
				3D2E0C7A1699E618000211ED /* Controller */,
				3DA049931694458C00C934F3 /* AppDelegate.h */,
				3DA049941694458C00C934F3 /* AppDelegate.m */,
				3DA049A51694458C00C934F3 /* MainStoryboard.storyboard */,
				3DA0498B1694458C00C934F3 /* Supporting Files */,
			);
			path = ca_prototype;
			sourceTree = "<group>";
		};
		3DA0498B1694458C00C934F3 /* Supporting Files */ = {
			isa = PBXGroup;
			children = (
				3D2E0C84169A1176000211ED /* play.png */,
				3D2E0C85169A1177000211ED /* play@2x.png */,
				3DE751781699C2FD0081CC6A /* Default_no_statusbar.png */,
				3DE751791699C2FD0081CC6A /* Default_no_statusbar@2x.png */,
				3DE751481699B0400081CC6A /* table_right_text.png */,
				3DE751491699B0400081CC6A /* table_right_text@2x.png */,
				3DE7514A1699B0400081CC6A /* light.png */,
				3DE7514B1699B0400081CC6A /* light@2x.png */,
				3DE7514C1699B0400081CC6A /* whole_table_clean.png */,
				3DE7514D1699B0400081CC6A /* whole_table_clean@2x.png */,
				3DE7514E1699B0400081CC6A /* paper.png */,
				3DE7514F1699B0400081CC6A /* paper@2x.png */,
				3DE751501699B0400081CC6A /* whole_book_opened.png */,
				3DE751511699B0400081CC6A /* whole_book_opened@2x.png */,
				3DE751521699B0400081CC6A /* left_page_opened.png */,
				3DE751531699B0400081CC6A /* left_page_opened@2x.png */,
				3DE751541699B0400081CC6A /* right_page_opened.png */,
				3DE751551699B0400081CC6A /* right_page_opened@2x.png */,
				3DE751561699B0400081CC6A /* mapa.png */,
				3DE751571699B0400081CC6A /* mapa@2x.png */,
				3DE751581699B0400081CC6A /* book_cover.png */,
				3DE751591699B0400081CC6A /* book_cover@2x.png */,
				3DE7515A1699B0400081CC6A /* table_right_no_text.png */,
				3DE7515B1699B0400081CC6A /* table_right_no_text@2x.png */,
				3DE7515C1699B0400081CC6A /* book_closed_no_text.png */,
				3DE7515D1699B0400081CC6A /* book_closed_no_text@2x.png */,
				3DE7515E1699B0400081CC6A /* Default.png */,
				3DE7515F1699B0400081CC6A /* Default@2x.png */,
				3DA0498C1694458C00C934F3 /* ca_prototype-Info.plist */,
				3DA0498D1694458C00C934F3 /* InfoPlist.strings */,
				3DA049901694458C00C934F3 /* main.m */,
				3DA049921694458C00C934F3 /* ca_prototype-Prefix.pch */,
				3DA0499A1694458C00C934F3 /* Default-568h@2x.png */,
			);
			name = "Supporting Files";
			sourceTree = "<group>";
		};
/* End PBXGroup section */

/* Begin PBXNativeTarget section */
		3DA0497F1694458B00C934F3 /* ca_prototype */ = {
			isa = PBXNativeTarget;
			buildConfigurationList = 3DA049AA1694458C00C934F3 /* Build configuration list for PBXNativeTarget "ca_prototype" */;
			buildPhases = (
				3DA0497C1694458B00C934F3 /* Sources */,
				3DA0497D1694458B00C934F3 /* Frameworks */,
				3DA0497E1694458B00C934F3 /* Resources */,
			);
			buildRules = (
			);
			dependencies = (
			);
			name = ca_prototype;
			productName = ca_prototype;
			productReference = 3DA049801694458B00C934F3 /* ca_prototype.app */;
			productType = "com.apple.product-type.application";
		};
/* End PBXNativeTarget section */

/* Begin PBXProject section */
		3DA049771694458B00C934F3 /* Project object */ = {
			isa = PBXProject;
			attributes = {
				LastUpgradeCheck = 0450;
				ORGANIZATIONNAME = "Jan Zahula";
			};
			buildConfigurationList = 3DA0497A1694458B00C934F3 /* Build configuration list for PBXProject "ca_prototype" */;
			compatibilityVersion = "Xcode 3.2";
			developmentRegion = English;
			hasScannedForEncodings = 0;
			knownRegions = (
				en,
			);
			mainGroup = 3DA049751694458B00C934F3;
			productRefGroup = 3DA049811694458B00C934F3 /* Products */;
			projectDirPath = "";
			projectRoot = "";
			targets = (
				3DA0497F1694458B00C934F3 /* ca_prototype */,
			);
		};
/* End PBXProject section */

/* Begin PBXResourcesBuildPhase section */
		3DA0497E1694458B00C934F3 /* Resources */ = {
			isa = PBXResourcesBuildPhase;
			buildActionMask = 2147483647;
			files = (
				3DA0498F1694458C00C934F3 /* InfoPlist.strings in Resources */,
				3DA0499B1694458C00C934F3 /* Default-568h@2x.png in Resources */,
				3DA049A71694458C00C934F3 /* MainStoryboard.storyboard in Resources */,
				3DE751601699B0400081CC6A /* table_right_text.png in Resources */,
				3DE751611699B0400081CC6A /* table_right_text@2x.png in Resources */,
				3DE751621699B0400081CC6A /* light.png in Resources */,
				3DE751631699B0400081CC6A /* light@2x.png in Resources */,
				3DE751641699B0400081CC6A /* whole_table_clean.png in Resources */,
				3DE751651699B0400081CC6A /* whole_table_clean@2x.png in Resources */,
				3DE751661699B0400081CC6A /* paper.png in Resources */,
				3DE751671699B0400081CC6A /* paper@2x.png in Resources */,
				3DE751681699B0400081CC6A /* whole_book_opened.png in Resources */,
				3DE751691699B0400081CC6A /* whole_book_opened@2x.png in Resources */,
				3DE7516A1699B0400081CC6A /* left_page_opened.png in Resources */,
				3DE7516B1699B0400081CC6A /* left_page_opened@2x.png in Resources */,
				3DE7516C1699B0400081CC6A /* right_page_opened.png in Resources */,
				3DE7516D1699B0400081CC6A /* right_page_opened@2x.png in Resources */,
				3DE7516E1699B0400081CC6A /* mapa.png in Resources */,
				3DE7516F1699B0400081CC6A /* mapa@2x.png in Resources */,
				3DE751701699B0400081CC6A /* book_cover.png in Resources */,
				3DE751711699B0400081CC6A /* book_cover@2x.png in Resources */,
				3DE751721699B0400081CC6A /* table_right_no_text.png in Resources */,
				3DE751731699B0400081CC6A /* table_right_no_text@2x.png in Resources */,
				3DE751741699B0400081CC6A /* book_closed_no_text.png in Resources */,
				3DE751751699B0400081CC6A /* book_closed_no_text@2x.png in Resources */,
				3DE751761699B0400081CC6A /* Default.png in Resources */,
				3DE751771699B0400081CC6A /* Default@2x.png in Resources */,
				3DE7517A1699C2FD0081CC6A /* Default_no_statusbar.png in Resources */,
				3DE7517B1699C2FD0081CC6A /* Default_no_statusbar@2x.png in Resources */,
				3D2E0C86169A1178000211ED /* play.png in Resources */,
				3D2E0C87169A1178000211ED /* play@2x.png in Resources */,
			);
			runOnlyForDeploymentPostprocessing = 0;
		};
/* End PBXResourcesBuildPhase section */

/* Begin PBXSourcesBuildPhase section */
		3DA0497C1694458B00C934F3 /* Sources */ = {
			isa = PBXSourcesBuildPhase;
			buildActionMask = 2147483647;
			files = (
				3DA049911694458C00C934F3 /* main.m in Sources */,
				3DA049951694458C00C934F3 /* AppDelegate.m in Sources */,
				3DA0499E1694458C00C934F3 /* RootViewController.m in Sources */,
				3DA049A11694458C00C934F3 /* DataViewController.m in Sources */,
				3DA049A41694458C00C934F3 /* ModelController.m in Sources */,
				3D2E0C831699E682000211ED /* MapView.m in Sources */,
			);
			runOnlyForDeploymentPostprocessing = 0;
		};
/* End PBXSourcesBuildPhase section */

/* Begin PBXVariantGroup section */
		3DA0498D1694458C00C934F3 /* InfoPlist.strings */ = {
			isa = PBXVariantGroup;
			children = (
				3DA0498E1694458C00C934F3 /* en */,
			);
			name = InfoPlist.strings;
			sourceTree = "<group>";
		};
		3DA049A51694458C00C934F3 /* MainStoryboard.storyboard */ = {
			isa = PBXVariantGroup;
			children = (
				3DA049A61694458C00C934F3 /* en */,
			);
			name = MainStoryboard.storyboard;
			sourceTree = "<group>";
		};
/* End PBXVariantGroup section */

/* Begin XCBuildConfiguration section */
		3DA049A81694458C00C934F3 /* Debug */ = {
			isa = XCBuildConfiguration;
			buildSettings = {
				ALWAYS_SEARCH_USER_PATHS = NO;
				CLANG_CXX_LANGUAGE_STANDARD = "gnu++0x";
				CLANG_CXX_LIBRARY = "libc++";
				CLANG_ENABLE_OBJC_ARC = YES;
				CLANG_WARN_EMPTY_BODY = YES;
				CLANG_WARN__DUPLICATE_METHOD_MATCH = YES;
				"CODE_SIGN_IDENTITY[sdk=iphoneos*]" = "iPhone Developer";
				COPY_PHASE_STRIP = NO;
				GCC_C_LANGUAGE_STANDARD = gnu99;
				GCC_DYNAMIC_NO_PIC = NO;
				GCC_OPTIMIZATION_LEVEL = 0;
				GCC_PREPROCESSOR_DEFINITIONS = (
					"DEBUG=1",
					"$(inherited)",
				);
				GCC_SYMBOLS_PRIVATE_EXTERN = NO;
				GCC_WARN_ABOUT_RETURN_TYPE = YES;
				GCC_WARN_UNINITIALIZED_AUTOS = YES;
				GCC_WARN_UNUSED_VARIABLE = YES;
				IPHONEOS_DEPLOYMENT_TARGET = 6.0;
				SDKROOT = iphoneos;
			};
			name = Debug;
		};
		3DA049A91694458C00C934F3 /* Release */ = {
			isa = XCBuildConfiguration;
			buildSettings = {
				ALWAYS_SEARCH_USER_PATHS = NO;
				CLANG_CXX_LANGUAGE_STANDARD = "gnu++0x";
				CLANG_CXX_LIBRARY = "libc++";
				CLANG_ENABLE_OBJC_ARC = YES;
				CLANG_WARN_EMPTY_BODY = YES;
				CLANG_WARN__DUPLICATE_METHOD_MATCH = YES;
				"CODE_SIGN_IDENTITY[sdk=iphoneos*]" = "iPhone Developer";
				COPY_PHASE_STRIP = YES;
				GCC_C_LANGUAGE_STANDARD = gnu99;
				GCC_WARN_ABOUT_RETURN_TYPE = YES;
				GCC_WARN_UNINITIALIZED_AUTOS = YES;
				GCC_WARN_UNUSED_VARIABLE = YES;
				IPHONEOS_DEPLOYMENT_TARGET = 6.0;
				OTHER_CFLAGS = "-DNS_BLOCK_ASSERTIONS=1";
				SDKROOT = iphoneos;
				VALIDATE_PRODUCT = YES;
			};
			name = Release;
		};
		3DA049AB1694458C00C934F3 /* Debug */ = {
			isa = XCBuildConfiguration;
			buildSettings = {
				GCC_PRECOMPILE_PREFIX_HEADER = YES;
				GCC_PREFIX_HEADER = "ca_prototype/ca_prototype-Prefix.pch";
				INFOPLIST_FILE = "ca_prototype/ca_prototype-Info.plist";
				PRODUCT_NAME = "$(TARGET_NAME)";
				WRAPPER_EXTENSION = app;
			};
			name = Debug;
		};
		3DA049AC1694458C00C934F3 /* Release */ = {
			isa = XCBuildConfiguration;
			buildSettings = {
				GCC_PRECOMPILE_PREFIX_HEADER = YES;
				GCC_PREFIX_HEADER = "ca_prototype/ca_prototype-Prefix.pch";
				INFOPLIST_FILE = "ca_prototype/ca_prototype-Info.plist";
				PRODUCT_NAME = "$(TARGET_NAME)";
				WRAPPER_EXTENSION = app;
			};
			name = Release;
		};
/* End XCBuildConfiguration section */

/* Begin XCConfigurationList section */
		3DA0497A1694458B00C934F3 /* Build configuration list for PBXProject "ca_prototype" */ = {
			isa = XCConfigurationList;
			buildConfigurations = (
				3DA049A81694458C00C934F3 /* Debug */,
				3DA049A91694458C00C934F3 /* Release */,
			);
			defaultConfigurationIsVisible = 0;
			defaultConfigurationName = Release;
		};
		3DA049AA1694458C00C934F3 /* Build configuration list for PBXNativeTarget "ca_prototype" */ = {
			isa = XCConfigurationList;
			buildConfigurations = (
				3DA049AB1694458C00C934F3 /* Debug */,
				3DA049AC1694458C00C934F3 /* Release */,
			);
			defaultConfigurationIsVisible = 0;
			defaultConfigurationName = Release;
		};
/* End XCConfigurationList section */
	};
	rootObject = 3DA049771694458B00C934F3 /* Project object */;
}
